
Microsoft Visual Studio Solution File, Format Version 12.00
# Visual Studio Version 17
VisualStudioVersion = 17.8.34511.84
MinimumVisualStudioVersion = 10.0.40219.1
Project("{FAE04EC0-301F-11D3-BF4B-00C04F79EFBC}") = "Grocery_Shop_Management_System", "Grocery_Shop_Management_System\Grocery_Shop_Management_System.csproj", "{520B5011-F0DF-4ADB-90C9-EC1DCFF4E7B2}"
EndProject
Project("{FAE04EC0-301F-11D3-BF4B-00C04F79EFBC}") = "Grocery_DAO", "Grocery_DAO\Grocery_DAO.csproj", "{D2FEDA8C-48FE-4255-870A-F7400731D308}"
EndProject
Project("{FAE04EC0-301F-11D3-BF4B-00C04F79EFBC}") = "Grocery_Test", "Grocery_Test\Grocery_Test.csproj", "{5198DD5D-BA5D-401E-8325-33ABC1B6E6B2}"
EndProject
Global
	GlobalSection(SolutionConfigurationPlatforms) = preSolution
		Debug|Any CPU = Debug|Any CPU
		Release|Any CPU = Release|Any CPU
	EndGlobalSection
	GlobalSection(ProjectConfigurationPlatforms) = postSolution
		{520B5011-F0DF-4ADB-90C9-EC1DCFF4E7B2}.Debug|Any CPU.ActiveCfg = Debug|Any CPU
		{520B5011-F0DF-4ADB-90C9-EC1DCFF4E7B2}.Debug|Any CPU.Build.0 = Debug|Any CPU
		{520B5011-F0DF-4ADB-90C9-EC1DCFF4E7B2}.Release|Any CPU.ActiveCfg = Release|Any CPU
		{520B5011-F0DF-4ADB-90C9-EC1DCFF4E7B2}.Release|Any CPU.Build.0 = Release|Any CPU
		{D2FEDA8C-48FE-4255-870A-F7400731D308}.Debug|Any CPU.ActiveCfg = Debug|Any CPU
		{D2FEDA8C-48FE-4255-870A-F7400731D308}.Debug|Any CPU.Build.0 = Debug|Any CPU
		{D2FEDA8C-48FE-4255-870A-F7400731D308}.Release|Any CPU.ActiveCfg = Release|Any CPU
		{D2FEDA8C-48FE-4255-870A-F7400731D308}.Release|Any CPU.Build.0 = Release|Any CPU
		{5198DD5D-BA5D-401E-8325-33ABC1B6E6B2}.Debug|Any CPU.ActiveCfg = Debug|Any CPU
		{5198DD5D-BA5D-401E-8325-33ABC1B6E6B2}.Debug|Any CPU.Build.0 = Debug|Any CPU
		{5198DD5D-BA5D-401E-8325-33ABC1B6E6B2}.Release|Any CPU.ActiveCfg = Release|Any CPU
		{5198DD5D-BA5D-401E-8325-33ABC1B6E6B2}.Release|Any CPU.Build.0 = Release|Any CPU
	EndGlobalSection
	GlobalSection(SolutionProperties) = preSolution
		HideSolutionNode = FALSE
	EndGlobalSection
	GlobalSection(ExtensibilityGlobals) = postSolution
		SolutionGuid = {A00EC66E-EB6E-43B2-9BA3-55671B6C0C20}
	EndGlobalSection
EndGlobal
